// !$*UTF8*$!
{
	archiveVersion = 1;
	classes = {
	};
	objectVersion = 77;
	objects = {

/* Begin PBXBuildFile section */
		AA0000000000000000000003 /* BetterShortcuts in Frameworks */ = {isa = PBXBuildFile; productRef = AA0000000000000000000002 /* BetterShortcuts */; };
		BP0000000000000000000003 /* BetterPermissions in Frameworks */ = {isa = PBXBuildFile; productRef = BP0000000000000000000002 /* BetterPermissions */; };
		BS0000000000000000000003 /* BetterSettings in Frameworks */ = {isa = PBXBuildFile; productRef = BS0000000000000000000002 /* BetterSettings */; };
		BU0000000000000000000003 /* BetterUpdater in Frameworks */ = {isa = PBXBuildFile; productRef = BU0000000000000000000002 /* BetterUpdater */; };
/* End PBXBuildFile section */

/* Begin PBXContainerItemProxy section */
		7559A7652FC06FD6004D97B7 /* PBXContainerItemProxy */ = {
			isa = PBXContainerItemProxy;
			containerPortal = 7559A74F2FC06FD5004D97B7 /* Project object */;
			proxyType = 1;
			remoteGlobalIDString = 7559A7562FC06FD5004D97B7;
			remoteInfo = BetterCmdTab;
		};
/* End PBXContainerItemProxy section */

/* Begin PBXFileReference section */
		7559A7572FC06FD5004D97B7 /* BetterCmdTab.app */ = {isa = PBXFileReference; explicitFileType = wrapper.application; includeInIndex = 0; name = BetterCmdTab.app; path = "BetterCmdTab Debug.app"; sourceTree = BUILT_PRODUCTS_DIR; };
		7559A7642FC06FD6004D97B7 /* BetterCmdTabTests.xctest */ = {isa = PBXFileReference; explicitFileType = wrapper.cfbundle; includeInIndex = 0; path = BetterCmdTabTests.xctest; sourceTree = BUILT_PRODUCTS_DIR; };
/* End PBXFileReference section */

/* Begin PBXFileSystemSynchronizedBuildFileExceptionSet section */
		AAFF000000000000000000F1 /* Exceptions for "BetterCmdTab" folder in "BetterCmdTab" target */ = {
			isa = PBXFileSystemSynchronizedBuildFileExceptionSet;
			membershipExceptions = (
				Info.plist,
			);
			target = 7559A7562FC06FD5004D97B7 /* BetterCmdTab */;
		};
/* End PBXFileSystemSynchronizedBuildFileExceptionSet section */

/* Begin PBXFileSystemSynchronizedRootGroup section */
		7559A7592FC06FD5004D97B7 /* BetterCmdTab */ = {
			isa = PBXFileSystemSynchronizedRootGroup;
			exceptions = (
				AAFF000000000000000000F1 /* Exceptions for "BetterCmdTab" folder in "BetterCmdTab" target */,
			);
			path = BetterCmdTab;
			sourceTree = "<group>";
		};
		7559A7672FC06FD6004D97B7 /* BetterCmdTabTests */ = {
			isa = PBXFileSystemSynchronizedRootGroup;
			path = BetterCmdTabTests;
			sourceTree = "<group>";
		};
/* End PBXFileSystemSynchronizedRootGroup section */

/* Begin PBXFrameworksBuildPhase section */
		7559A7542FC06FD5004D97B7 /* Frameworks */ = {
			isa = PBXFrameworksBuildPhase;
			buildActionMask = 2147483647;
			files = (
				AA0000000000000000000003 /* BetterShortcuts in Frameworks */,
				BU0000000000000000000003 /* BetterUpdater in Frameworks */,
				BS0000000000000000000003 /* BetterSettings in Frameworks */,
				BP0000000000000000000003 /* BetterPermissions in Frameworks */,
			);
			runOnlyForDeploymentPostprocessing = 0;
		};
		7559A7612FC06FD6004D97B7 /* Frameworks */ = {
			isa = PBXFrameworksBuildPhase;
			buildActionMask = 2147483647;
			files = (
			);
			runOnlyForDeploymentPostprocessing = 0;
		};
/* End PBXFrameworksBuildPhase section */

/* Begin PBXGroup section */
		7559A74E2FC06FD5004D97B7 = {
			isa = PBXGroup;
			children = (
				7559A7592FC06FD5004D97B7 /* BetterCmdTab */,
				7559A7672FC06FD6004D97B7 /* BetterCmdTabTests */,
				7559A7582FC06FD5004D97B7 /* Products */,
			);
			sourceTree = "<group>";
		};
		7559A7582FC06FD5004D97B7 /* Products */ = {
			isa = PBXGroup;
			children = (
				7559A7572FC06FD5004D97B7 /* BetterCmdTab.app */,
				7559A7642FC06FD6004D97B7 /* BetterCmdTabTests.xctest */,
			);
			name = Products;
			sourceTree = "<group>";
		};
/* End PBXGroup section */

/* Begin PBXNativeTarget section */
		7559A7562FC06FD5004D97B7 /* BetterCmdTab */ = {
			isa = PBXNativeTarget;
			buildConfigurationList = 7559A7782FC06FD6004D97B7 /* Build configuration list for PBXNativeTarget "BetterCmdTab" */;
			buildPhases = (
				7559A7532FC06FD5004D97B7 /* Sources */,
				7559A7542FC06FD5004D97B7 /* Frameworks */,
				7559A7552FC06FD5004D97B7 /* Resources */,
			);
			buildRules = (
			);
			dependencies = (
			);
			fileSystemSynchronizedGroups = (
				7559A7592FC06FD5004D97B7 /* BetterCmdTab */,
			);
			name = BetterCmdTab;
			packageProductDependencies = (
				AA0000000000000000000002 /* BetterShortcuts */,
				BU0000000000000000000002 /* BetterUpdater */,
				BS0000000000000000000002 /* BetterSettings */,
				BP0000000000000000000002 /* BetterPermissions */,
			);
			productName = BetterCmdTab;
			productReference = 7559A7572FC06FD5004D97B7 /* BetterCmdTab.app */;
			productType = "com.apple.product-type.application";
		};
		7559A7632FC06FD6004D97B7 /* BetterCmdTabTests */ = {
			isa = PBXNativeTarget;
			buildConfigurationList = 7559A77B2FC06FD6004D97B7 /* Build configuration list for PBXNativeTarget "BetterCmdTabTests" */;
			buildPhases = (
				7559A7602FC06FD6004D97B7 /* Sources */,
				7559A7612FC06FD6004D97B7 /* Frameworks */,
				7559A7622FC06FD6004D97B7 /* Resources */,
			);
			buildRules = (
			);
			dependencies = (
				7559A7662FC06FD6004D97B7 /* PBXTargetDependency */,
			);
			fileSystemSynchronizedGroups = (
				7559A7672FC06FD6004D97B7 /* BetterCmdTabTests */,
			);
			name = BetterCmdTabTests;
			packageProductDependencies = (
			);
			productName = BetterCmdTabTests;
			productReference = 7559A7642FC06FD6004D97B7 /* BetterCmdTabTests.xctest */;
			productType = "com.apple.product-type.bundle.unit-test";
		};
/* End PBXNativeTarget section */

/* Begin PBXProject section */
		7559A74F2FC06FD5004D97B7 /* Project object */ = {
			isa = PBXProject;
			attributes = {
				BuildIndependentTargetsInParallel = 1;
				LastSwiftUpdateCheck = 2650;
				LastUpgradeCheck = 2650;
				TargetAttributes = {
					7559A7562FC06FD5004D97B7 = {
						CreatedOnToolsVersion = 26.5;
					};
					7559A7632FC06FD6004D97B7 = {
						CreatedOnToolsVersion = 26.5;
						TestTargetID = 7559A7562FC06FD5004D97B7;
					};
				};
			};
			buildConfigurationList = 7559A7522FC06FD5004D97B7 /* Build configuration list for PBXProject "BetterCmdTab" */;
			developmentRegion = en;
			hasScannedForEncodings = 0;
			knownRegions = (
				en,
				Base,
				pl,
				de,
				fr,
				es,
			);
			mainGroup = 7559A74E2FC06FD5004D97B7;
			minimizedProjectReferenceProxies = 1;
			packageReferences = (
				AA0000000000000000000001 /* XCRemoteSwiftPackageReference "BetterShortcuts" */,
				BU0000000000000000000001 /* XCRemoteSwiftPackageReference "BetterUpdater" */,
				BS0000000000000000000001 /* XCRemoteSwiftPackageReference "BetterSettings" */,
				BP0000000000000000000001 /* XCRemoteSwiftPackageReference "BetterPermissions" */,
			);
			preferredProjectObjectVersion = 77;
			productRefGroup = 7559A7582FC06FD5004D97B7 /* Products */;
			projectDirPath = "";
			projectRoot = "";
			targets = (
				7559A7562FC06FD5004D97B7 /* BetterCmdTab */,
				7559A7632FC06FD6004D97B7 /* BetterCmdTabTests */,
			);
		};
/* End PBXProject section */

/* Begin PBXResourcesBuildPhase section */
		7559A7552FC06FD5004D97B7 /* Resources */ = {
			isa = PBXResourcesBuildPhase;
			buildActionMask = 2147483647;
			files = (
			);
			runOnlyForDeploymentPostprocessing = 0;
		};
		7559A7622FC06FD6004D97B7 /* Resources */ = {
			isa = PBXResourcesBuildPhase;
			buildActionMask = 2147483647;
			files = (
			);
			runOnlyForDeploymentPostprocessing = 0;
		};
/* End PBXResourcesBuildPhase section */

/* Begin PBXSourcesBuildPhase section */
		7559A7532FC06FD5004D97B7 /* Sources */ = {
			isa = PBXSourcesBuildPhase;
			buildActionMask = 2147483647;
			files = (
			);
			runOnlyForDeploymentPostprocessing = 0;
		};
		7559A7602FC06FD6004D97B7 /* Sources */ = {
			isa = PBXSourcesBuildPhase;
			buildActionMask = 2147483647;
			files = (
			);
			runOnlyForDeploymentPostprocessing = 0;
		};
/* End PBXSourcesBuildPhase section */

/* Begin PBXTargetDependency section */
		7559A7662FC06FD6004D97B7 /* PBXTargetDependency */ = {
			isa = PBXTargetDependency;
			target = 7559A7562FC06FD5004D97B7 /* BetterCmdTab */;
			targetProxy = 7559A7652FC06FD6004D97B7 /* PBXContainerItemProxy */;
		};
/* End PBXTargetDependency section */

/* Begin XCBuildConfiguration section */
		7559A7762FC06FD6004D97B7 /* Debug */ = {
			isa = XCBuildConfiguration;
			buildSettings = {
				ALWAYS_SEARCH_USER_PATHS = NO;
				ASSETCATALOG_COMPILER_GENERATE_SWIFT_ASSET_SYMBOL_EXTENSIONS = YES;
				CLANG_ANALYZER_NONNULL = YES;
				CLANG_ANALYZER_NUMBER_OBJECT_CONVERSION = YES_AGGRESSIVE;
				CLANG_CXX_LANGUAGE_STANDARD = "gnu++20";
				CLANG_ENABLE_MODULES = YES;
				CLANG_ENABLE_OBJC_ARC = YES;
				CLANG_ENABLE_OBJC_WEAK = YES;
				CLANG_WARN_BLOCK_CAPTURE_AUTORELEASING = YES;
				CLANG_WARN_BOOL_CONVERSION = YES;
				CLANG_WARN_COMMA = YES;
				CLANG_WARN_CONSTANT_CONVERSION = YES;
				CLANG_WARN_DEPRECATED_OBJC_IMPLEMENTATIONS = YES;
				CLANG_WARN_DIRECT_OBJC_ISA_USAGE = YES_ERROR;
				CLANG_WARN_DOCUMENTATION_COMMENTS = YES;
				CLANG_WARN_EMPTY_BODY = YES;
				CLANG_WARN_ENUM_CONVERSION = YES;
				CLANG_WARN_INFINITE_RECURSION = YES;
				CLANG_WARN_INT_CONVERSION = YES;
				CLANG_WARN_NON_LITERAL_NULL_CONVERSION = YES;
				CLANG_WARN_OBJC_IMPLICIT_RETAIN_SELF = YES;
				CLANG_WARN_OBJC_LITERAL_CONVERSION = YES;
				CLANG_WARN_OBJC_ROOT_CLASS = YES_ERROR;
				CLANG_WARN_QUOTED_INCLUDE_IN_FRAMEWORK_HEADER = YES;
				CLANG_WARN_RANGE_LOOP_ANALYSIS = YES;
				CLANG_WARN_STRICT_PROTOTYPES = YES;
				CLANG_WARN_SUSPICIOUS_MOVE = YES;
				CLANG_WARN_UNGUARDED_AVAILABILITY = YES_AGGRESSIVE;
				CLANG_WARN_UNREACHABLE_CODE = YES;
				CLANG_WARN__DUPLICATE_METHOD_MATCH = YES;
				COPY_PHASE_STRIP = NO;
				DEBUG_INFORMATION_FORMAT = dwarf;
				DEVELOPMENT_TEAM = N529W98U62;
				ENABLE_STRICT_OBJC_MSGSEND = YES;
				ENABLE_TESTABILITY = YES;
				ENABLE_USER_SCRIPT_SANDBOXING = YES;
				GCC_C_LANGUAGE_STANDARD = gnu17;
				GCC_DYNAMIC_NO_PIC = NO;
				GCC_NO_COMMON_BLOCKS = YES;
				GCC_OPTIMIZATION_LEVEL = 0;
				GCC_PREPROCESSOR_DEFINITIONS = (
					"DEBUG=1",
					"$(inherited)",
				);
				GCC_WARN_64_TO_32_BIT_CONVERSION = YES;
				GCC_WARN_ABOUT_RETURN_TYPE = YES_ERROR;
				GCC_WARN_UNDECLARED_SELECTOR = YES;
				GCC_WARN_UNINITIALIZED_AUTOS = YES_AGGRESSIVE;
				GCC_WARN_UNUSED_FUNCTION = YES;
				GCC_WARN_UNUSED_VARIABLE = YES;
				LOCALIZATION_PREFERS_STRING_CATALOGS = YES;
				MTL_ENABLE_DEBUG_INFO = INCLUDE_SOURCE;
				MTL_FAST_MATH = YES;
				ONLY_ACTIVE_ARCH = YES;
				SWIFT_ACTIVE_COMPILATION_CONDITIONS = "DEBUG $(inherited)";
				SWIFT_OPTIMIZATION_LEVEL = "-Onone";
			};
			name = Debug;
		};
		7559A7772FC06FD6004D97B7 /* Release */ = {
			isa = XCBuildConfiguration;
			buildSettings = {
				ALWAYS_SEARCH_USER_PATHS = NO;
				ASSETCATALOG_COMPILER_GENERATE_SWIFT_ASSET_SYMBOL_EXTENSIONS = YES;
				CLANG_ANALYZER_NONNULL = YES;
				CLANG_ANALYZER_NUMBER_OBJECT_CONVERSION = YES_AGGRESSIVE;
				CLANG_CXX_LANGUAGE_STANDARD = "gnu++20";
				CLANG_ENABLE_MODULES = YES;
				CLANG_ENABLE_OBJC_ARC = YES;
				CLANG_ENABLE_OBJC_WEAK = YES;
				CLANG_WARN_BLOCK_CAPTURE_AUTORELEASING = YES;
				CLANG_WARN_BOOL_CONVERSION = YES;
				CLANG_WARN_COMMA = YES;
				CLANG_WARN_CONSTANT_CONVERSION = YES;
				CLANG_WARN_DEPRECATED_OBJC_IMPLEMENTATIONS = YES;
				CLANG_WARN_DIRECT_OBJC_ISA_USAGE = YES_ERROR;
				CLANG_WARN_DOCUMENTATION_COMMENTS = YES;
				CLANG_WARN_EMPTY_BODY = YES;
				CLANG_WARN_ENUM_CONVERSION = YES;
				CLANG_WARN_INFINITE_RECURSION = YES;
				CLANG_WARN_INT_CONVERSION = YES;
				CLANG_WARN_NON_LITERAL_NULL_CONVERSION = YES;
				CLANG_WARN_OBJC_IMPLICIT_RETAIN_SELF = YES;
				CLANG_WARN_OBJC_LITERAL_CONVERSION = YES;
				CLANG_WARN_OBJC_ROOT_CLASS = YES_ERROR;
				CLANG_WARN_QUOTED_INCLUDE_IN_FRAMEWORK_HEADER = YES;
				CLANG_WARN_RANGE_LOOP_ANALYSIS = YES;
				CLANG_WARN_STRICT_PROTOTYPES = YES;
				CLANG_WARN_SUSPICIOUS_MOVE = YES;
				CLANG_WARN_UNGUARDED_AVAILABILITY = YES_AGGRESSIVE;
				CLANG_WARN_UNREACHABLE_CODE = YES;
				CLANG_WARN__DUPLICATE_METHOD_MATCH = YES;
				COPY_PHASE_STRIP = YES;
				DEAD_CODE_STRIPPING = YES;
				DEBUG_INFORMATION_FORMAT = "dwarf-with-dsym";
				DEPLOYMENT_POSTPROCESSING = YES;
				DEVELOPMENT_TEAM = N529W98U62;
				ENABLE_NS_ASSERTIONS = NO;
				ENABLE_STRICT_OBJC_MSGSEND = YES;
				ENABLE_TESTABILITY = NO;
				ENABLE_USER_SCRIPT_SANDBOXING = YES;
				GCC_C_LANGUAGE_STANDARD = gnu17;
				GCC_NO_COMMON_BLOCKS = YES;
				GCC_OPTIMIZATION_LEVEL = s;
				GCC_WARN_64_TO_32_BIT_CONVERSION = YES;
				GCC_WARN_ABOUT_RETURN_TYPE = YES_ERROR;
				GCC_WARN_UNDECLARED_SELECTOR = YES;
				GCC_WARN_UNINITIALIZED_AUTOS = YES_AGGRESSIVE;
				GCC_WARN_UNUSED_FUNCTION = YES;
				GCC_WARN_UNUSED_VARIABLE = YES;
				LLVM_LTO = YES_THIN;
				LOCALIZATION_PREFERS_STRING_CATALOGS = YES;
				MTL_ENABLE_DEBUG_INFO = NO;
				MTL_FAST_MATH = YES;
				ONLY_ACTIVE_ARCH = NO;
				STRIP_INSTALLED_PRODUCT = YES;
				STRIP_STYLE = all;
				STRIP_SWIFT_SYMBOLS = YES;
				SWIFT_COMPILATION_MODE = wholemodule;
				SWIFT_OPTIMIZATION_LEVEL = "-O";
				VALIDATE_PRODUCT = YES;
			};
			name = Release;
		};
		7559A7792FC06FD6004D97B7 /* Debug */ = {
			isa = XCBuildConfiguration;
			buildSettings = {
				ASSETCATALOG_COMPILER_APPICON_NAME = AppIcon;
				ASSETCATALOG_COMPILER_GLOBAL_ACCENT_COLOR_NAME = AccentColor;
				CODE_SIGN_ENTITLEMENTS = BetterCmdTab/BetterCmdTab.entitlements;
				CODE_SIGN_STYLE = Automatic;
				CURRENT_PROJECT_VERSION = 20260608131601;
				DEVELOPMENT_TEAM = N529W98U62;
				ENABLE_APP_SANDBOX = NO;
				ENABLE_HARDENED_RUNTIME = YES;
				ENABLE_PREVIEWS = YES;
				ENABLE_USER_SELECTED_FILES = readonly;
				GENERATE_INFOPLIST_FILE = YES;
				INFOPLIST_FILE = BetterCmdTab/Info.plist;
				INFOPLIST_KEY_CFBundleDisplayName = "BetterCmdTab Debug";
				INFOPLIST_KEY_LSApplicationCategoryType = "public.app-category.utilities";
				INFOPLIST_KEY_LSUIElement = YES;
				INFOPLIST_KEY_NSAppleEventsUsageDescription = "BetterCmdTab enumerates and switches tabs in browsers (Safari, Chrome, Arc, Brave, Edge, Vivaldi) when you drill into a row.";
				INFOPLIST_KEY_NSHumanReadableCopyright = "";
				INFOPLIST_KEY_NSPrincipalClass = NSApplication;
				"INFOPLIST_KEY_UIApplicationSceneManifest_Generation[sdk=iphoneos*]" = YES;
				"INFOPLIST_KEY_UIApplicationSceneManifest_Generation[sdk=iphonesimulator*]" = YES;
				"INFOPLIST_KEY_UIApplicationSupportsIndirectInputEvents[sdk=iphoneos*]" = YES;
				"INFOPLIST_KEY_UIApplicationSupportsIndirectInputEvents[sdk=iphonesimulator*]" = YES;
				"INFOPLIST_KEY_UILaunchScreen_Generation[sdk=iphoneos*]" = YES;
				"INFOPLIST_KEY_UILaunchScreen_Generation[sdk=iphonesimulator*]" = YES;
				"INFOPLIST_KEY_UIStatusBarStyle[sdk=iphoneos*]" = UIStatusBarStyleDefault;
				"INFOPLIST_KEY_UIStatusBarStyle[sdk=iphonesimulator*]" = UIStatusBarStyleDefault;
				INFOPLIST_KEY_UISupportedInterfaceOrientations_iPad = "UIInterfaceOrientationPortrait UIInterfaceOrientationPortraitUpsideDown UIInterfaceOrientationLandscapeLeft UIInterfaceOrientationLandscapeRight";
				INFOPLIST_KEY_UISupportedInterfaceOrientations_iPhone = "UIInterfaceOrientationPortrait UIInterfaceOrientationLandscapeLeft UIInterfaceOrientationLandscapeRight";
				IPHONEOS_DEPLOYMENT_TARGET = 26.5;
				LD_RUNPATH_SEARCH_PATHS = "@executable_path/Frameworks";
				"LD_RUNPATH_SEARCH_PATHS[sdk=macosx*]" = "@executable_path/../Frameworks";
				MACOSX_DEPLOYMENT_TARGET = 13.0;
				MARKETING_VERSION = 26.5;
				PRODUCT_BUNDLE_IDENTIFIER = pro.bettercmdtab.BetterCmdTab.debug;
				PRODUCT_MODULE_NAME = BetterCmdTab;
				PRODUCT_NAME = "BetterCmdTab Debug";
				REGISTER_APP_GROUPS = YES;
				SDKROOT = macosx;
				STRING_CATALOG_GENERATE_SYMBOLS = YES;
				SUPPORTED_PLATFORMS = macosx;
				SWIFT_APPROACHABLE_CONCURRENCY = YES;
				SWIFT_EMIT_LOC_STRINGS = YES;
				SWIFT_UPCOMING_FEATURE_MEMBER_IMPORT_VISIBILITY = YES;
				SWIFT_VERSION = 5.0;
				TARGETED_DEVICE_FAMILY = "1,2,7";
				XROS_DEPLOYMENT_TARGET = 26.5;
			};
			name = Debug;
		};
		7559A77A2FC06FD6004D97B7 /* Release */ = {
			isa = XCBuildConfiguration;
			buildSettings = {
				ASSETCATALOG_COMPILER_APPICON_NAME = AppIcon;
				ASSETCATALOG_COMPILER_GLOBAL_ACCENT_COLOR_NAME = AccentColor;
				ASSETCATALOG_COMPILER_OPTIMIZATION = space;
				CODE_SIGN_ENTITLEMENTS = BetterCmdTab/BetterCmdTab.entitlements;
				CODE_SIGN_STYLE = Automatic;
				CURRENT_PROJECT_VERSION = 20260608131601;
				DEVELOPMENT_TEAM = N529W98U62;
				ENABLE_APP_SANDBOX = NO;
				ENABLE_HARDENED_RUNTIME = YES;
				ENABLE_PREVIEWS = YES;
				ENABLE_USER_SELECTED_FILES = readonly;
				GENERATE_INFOPLIST_FILE = YES;
				INFOPLIST_FILE = BetterCmdTab/Info.plist;
				INFOPLIST_KEY_CFBundleDisplayName = BetterCmdTab;
				INFOPLIST_KEY_LSApplicationCategoryType = "public.app-category.utilities";
				INFOPLIST_KEY_LSUIElement = YES;
				INFOPLIST_KEY_NSAppleEventsUsageDescription = "BetterCmdTab enumerates and switches tabs in browsers (Safari, Chrome, Arc, Brave, Edge, Vivaldi) when you drill into a row.";
				INFOPLIST_KEY_NSHumanReadableCopyright = "";
				INFOPLIST_KEY_NSPrincipalClass = NSApplication;
				"INFOPLIST_KEY_UIApplicationSceneManifest_Generation[sdk=iphoneos*]" = YES;
				"INFOPLIST_KEY_UIApplicationSceneManifest_Generation[sdk=iphonesimulator*]" = YES;
				"INFOPLIST_KEY_UIApplicationSupportsIndirectInputEvents[sdk=iphoneos*]" = YES;
				"INFOPLIST_KEY_UIApplicationSupportsIndirectInputEvents[sdk=iphonesimulator*]" = YES;
				"INFOPLIST_KEY_UILaunchScreen_Generation[sdk=iphoneos*]" = YES;
				"INFOPLIST_KEY_UILaunchScreen_Generation[sdk=iphonesimulator*]" = YES;
				"INFOPLIST_KEY_UIStatusBarStyle[sdk=iphoneos*]" = UIStatusBarStyleDefault;
				"INFOPLIST_KEY_UIStatusBarStyle[sdk=iphonesimulator*]" = UIStatusBarStyleDefault;
				INFOPLIST_KEY_UISupportedInterfaceOrientations_iPad = "UIInterfaceOrientationPortrait UIInterfaceOrientationPortraitUpsideDown UIInterfaceOrientationLandscapeLeft UIInterfaceOrientationLandscapeRight";
				INFOPLIST_KEY_UISupportedInterfaceOrientations_iPhone = "UIInterfaceOrientationPortrait UIInterfaceOrientationLandscapeLeft UIInterfaceOrientationLandscapeRight";
				IPHONEOS_DEPLOYMENT_TARGET = 26.5;
				LD_RUNPATH_SEARCH_PATHS = "@executable_path/Frameworks";
				"LD_RUNPATH_SEARCH_PATHS[sdk=macosx*]" = "@executable_path/../Frameworks";
				MACOSX_DEPLOYMENT_TARGET = 13.0;
				MARKETING_VERSION = 26.5;
				PRODUCT_BUNDLE_IDENTIFIER = pro.bettercmdtab.BetterCmdTab;
				PRODUCT_NAME = "$(TARGET_NAME)";
				REGISTER_APP_GROUPS = YES;
				SDKROOT = macosx;
				STRING_CATALOG_GENERATE_SYMBOLS = YES;
				SUPPORTED_PLATFORMS = macosx;
				SWIFT_APPROACHABLE_CONCURRENCY = YES;
				SWIFT_EMIT_LOC_STRINGS = YES;
				SWIFT_UPCOMING_FEATURE_MEMBER_IMPORT_VISIBILITY = YES;
				SWIFT_VERSION = 5.0;
				TARGETED_DEVICE_FAMILY = "1,2,7";
				XROS_DEPLOYMENT_TARGET = 26.5;
			};
			name = Release;
		};
		7559A77C2FC06FD6004D97B7 /* Debug */ = {
			isa = XCBuildConfiguration;
			buildSettings = {
				BUNDLE_LOADER = "$(TEST_HOST)";
				CODE_SIGN_STYLE = Automatic;
				CURRENT_PROJECT_VERSION = 20260608131601;
				DEVELOPMENT_TEAM = N529W98U62;
				GENERATE_INFOPLIST_FILE = YES;
				IPHONEOS_DEPLOYMENT_TARGET = 26.5;
				MACOSX_DEPLOYMENT_TARGET = 13.0;
				MARKETING_VERSION = 1.0;
				PRODUCT_BUNDLE_IDENTIFIER = pro.bettercmdtab.BetterCmdTabTests;
				PRODUCT_NAME = "$(TARGET_NAME)";
				SDKROOT = macosx;
				STRING_CATALOG_GENERATE_SYMBOLS = NO;
				SUPPORTED_PLATFORMS = macosx;
				SWIFT_APPROACHABLE_CONCURRENCY = YES;
				SWIFT_EMIT_LOC_STRINGS = NO;
				SWIFT_UPCOMING_FEATURE_MEMBER_IMPORT_VISIBILITY = YES;
				SWIFT_VERSION = 5.0;
				TARGETED_DEVICE_FAMILY = "1,2,7";
				TEST_HOST = "$(BUILT_PRODUCTS_DIR)/BetterCmdTab Debug.app/$(BUNDLE_EXECUTABLE_FOLDER_PATH)/BetterCmdTab Debug";
				XROS_DEPLOYMENT_TARGET = 26.5;
			};
			name = Debug;
		};
		7559A77D2FC06FD6004D97B7 /* Release */ = {
			isa = XCBuildConfiguration;
			buildSettings = {
				BUNDLE_LOADER = "$(TEST_HOST)";
				CODE_SIGN_STYLE = Automatic;
				CURRENT_PROJECT_VERSION = 20260608131601;
				DEVELOPMENT_TEAM = N529W98U62;
				GENERATE_INFOPLIST_FILE = YES;
				IPHONEOS_DEPLOYMENT_TARGET = 26.5;
				MACOSX_DEPLOYMENT_TARGET = 13.0;
				MARKETING_VERSION = 1.0;
				PRODUCT_BUNDLE_IDENTIFIER = pro.bettercmdtab.BetterCmdTabTests;
				PRODUCT_NAME = "$(TARGET_NAME)";
				SDKROOT = macosx;
				STRING_CATALOG_GENERATE_SYMBOLS = NO;
				SUPPORTED_PLATFORMS = macosx;
				SWIFT_APPROACHABLE_CONCURRENCY = YES;
				SWIFT_EMIT_LOC_STRINGS = NO;
				SWIFT_UPCOMING_FEATURE_MEMBER_IMPORT_VISIBILITY = YES;
				SWIFT_VERSION = 5.0;
				TARGETED_DEVICE_FAMILY = "1,2,7";
				TEST_HOST = "$(BUILT_PRODUCTS_DIR)/BetterCmdTab.app/$(BUNDLE_EXECUTABLE_FOLDER_PATH)/BetterCmdTab";
				XROS_DEPLOYMENT_TARGET = 26.5;
			};
			name = Release;
		};
/* End XCBuildConfiguration section */

/* Begin XCConfigurationList section */
		7559A7522FC06FD5004D97B7 /* Build configuration list for PBXProject "BetterCmdTab" */ = {
			isa = XCConfigurationList;
			buildConfigurations = (
				7559A7762FC06FD6004D97B7 /* Debug */,
				7559A7772FC06FD6004D97B7 /* Release */,
			);
			defaultConfigurationIsVisible = 0;
			defaultConfigurationName = Release;
		};
		7559A7782FC06FD6004D97B7 /* Build configuration list for PBXNativeTarget "BetterCmdTab" */ = {
			isa = XCConfigurationList;
			buildConfigurations = (
				7559A7792FC06FD6004D97B7 /* Debug */,
				7559A77A2FC06FD6004D97B7 /* Release */,
			);
			defaultConfigurationIsVisible = 0;
			defaultConfigurationName = Release;
		};
		7559A77B2FC06FD6004D97B7 /* Build configuration list for PBXNativeTarget "BetterCmdTabTests" */ = {
			isa = XCConfigurationList;
			buildConfigurations = (
				7559A77C2FC06FD6004D97B7 /* Debug */,
				7559A77D2FC06FD6004D97B7 /* Release */,
			);
			defaultConfigurationIsVisible = 0;
			defaultConfigurationName = Release;
		};
/* End XCConfigurationList section */

/* Begin XCRemoteSwiftPackageReference section */
		AA0000000000000000000001 /* XCRemoteSwiftPackageReference "BetterShortcuts" */ = {
			isa = XCRemoteSwiftPackageReference;
			repositoryURL = "https://github.com/rokartur/BetterShortcuts.git";
			requirement = {
				kind = upToNextMajorVersion;
				minimumVersion = 0.1.1;
			};
		};
		BP0000000000000000000001 /* XCRemoteSwiftPackageReference "BetterPermissions" */ = {
			isa = XCRemoteSwiftPackageReference;
			repositoryURL = "https://github.com/rokartur/BetterPermissions.git";
			requirement = {
				kind = upToNextMajorVersion;
				minimumVersion = 1.0.0;
			};
		};
		BS0000000000000000000001 /* XCRemoteSwiftPackageReference "BetterSettings" */ = {
			isa = XCRemoteSwiftPackageReference;
			repositoryURL = "https://github.com/rokartur/BetterSettings.git";
			requirement = {
				kind = upToNextMajorVersion;
				minimumVersion = 0.2.8;
			};
		};
		BU0000000000000000000001 /* XCRemoteSwiftPackageReference "BetterUpdater" */ = {
			isa = XCRemoteSwiftPackageReference;
			repositoryURL = "https://github.com/rokartur/BetterUpdater.git";
			requirement = {
				kind = upToNextMajorVersion;
				minimumVersion = 0.1.0;
			};
		};
/* End XCRemoteSwiftPackageReference section */

/* Begin XCSwiftPackageProductDependency section */
		AA0000000000000000000002 /* BetterShortcuts */ = {
			isa = XCSwiftPackageProductDependency;
			package = AA0000000000000000000001 /* XCRemoteSwiftPackageReference "BetterShortcuts" */;
			productName = BetterShortcuts;
		};
		BP0000000000000000000002 /* BetterPermissions */ = {
			isa = XCSwiftPackageProductDependency;
			package = BP0000000000000000000001 /* XCRemoteSwiftPackageReference "BetterPermissions" */;
			productName = BetterPermissions;
		};
		BS0000000000000000000002 /* BetterSettings */ = {
			isa = XCSwiftPackageProductDependency;
			package = BS0000000000000000000001 /* XCRemoteSwiftPackageReference "BetterSettings" */;
			productName = BetterSettings;
		};
		BU0000000000000000000002 /* BetterUpdater */ = {
			isa = XCSwiftPackageProductDependency;
			package = BU0000000000000000000001 /* XCRemoteSwiftPackageReference "BetterUpdater" */;
			productName = BetterUpdater;
		};
/* End XCSwiftPackageProductDependency section */
	};
	rootObject = 7559A74F2FC06FD5004D97B7 /* Project object */;
}
