{
  "originHash" : "a1d7e9213f98a019aadcd4a351d87ba47a4d680c19e375256b8d17738b629a26",
  "pins" : [
    {
      "identity" : "bettersettings",
      "kind" : "remoteSourceControl",
      "location" : "https://github.com/rokartur/BetterSettings.git",
      "state" : {
        "revision" : "e7c59724317ed55455380814eded90d343e985eb",
        "version" : "0.1.1"
      }
    },
    {
      "identity" : "bettershortcuts",
      "kind" : "remoteSourceControl",
      "location" : "https://github.com/rokartur/BetterShortcuts.git",
      "state" : {
        "revision" : "e1d5988ebd5a41b76be66c6cf897c609245f6477",
        "version" : "0.1.1"
      }
    },
    {
      "identity" : "betterupdater",
      "kind" : "remoteSourceControl",
      "location" : "https://github.com/rokartur/BetterUpdater.git",
      "state" : {
        "revision" : "f52c1c9ca4f878f7185aa7e341e679d6f706451d",
        "version" : "0.2.1"
      }
    },
    {
      "identity" : "swift-argument-parser",
      "kind" : "remoteSourceControl",
      "location" : "https://github.com/apple/swift-argument-parser.git",
      "state" : {
        "revision" : "ca37474853a4b5f59a22c74bfdd449b1f6bc4cc2",
        "version" : "1.8.1"
      }
    }
  ],
  "version" : 3
}
